
Microsoft Visual Studio Solution File, Format Version 12.00
# Visual Studio Version 16
VisualStudioVersion = 16.0.31129.286
MinimumVisualStudioVersion = 10.0.40219.1
Project("{FAE04EC0-301F-11D3-BF4B-00C04F79EFBC}") = "TMMMSapi", "TMMMSapi\TMMMSapi.csproj", "{33C5246F-ABE4-421E-BBC7-75D76D2A4901}"
EndProject
Global
	GlobalSection(SolutionConfigurationPlatforms) = preSolution
		Debug|Any CPU = Debug|Any CPU
		Release|Any CPU = Release|Any CPU
	EndGlobalSection
	GlobalSection(ProjectConfigurationPlatforms) = postSolution
		{33C5246F-ABE4-421E-BBC7-75D76D2A4901}.Debug|Any CPU.ActiveCfg = Debug|Any CPU
		{33C5246F-ABE4-421E-BBC7-75D76D2A4901}.Debug|Any CPU.Build.0 = Debug|Any CPU
		{33C5246F-ABE4-421E-BBC7-75D76D2A4901}.Release|Any CPU.ActiveCfg = Release|Any CPU
		{33C5246F-ABE4-421E-BBC7-75D76D2A4901}.Release|Any CPU.Build.0 = Release|Any CPU
	EndGlobalSection
	GlobalSection(SolutionProperties) = preSolution
		HideSolutionNode = FALSE
	EndGlobalSection
	GlobalSection(ExtensibilityGlobals) = postSolution
		SolutionGuid = {593A456A-8607-4E77-8B63-67C26ADE5888}
	EndGlobalSection
EndGlobal
